
Microsoft Visual Studio Solution File, Format Version 12.00
# Visual Studio Version 16
VisualStudioVersion = 16.0.29728.190
MinimumVisualStudioVersion = 10.0.40219.1
Project("{2150E333-8FDC-42A3-9474-1A3956D46DE8}") = "Microservices", "Microservices", "{E63EF060-9F16-4CCD-857E-1A325E48AE6F}"
EndProject
Project("{2150E333-8FDC-42A3-9474-1A3956D46DE8}") = "Domain", "Domain", "{A14F1BF0-34C9-449E-94BD-3DEB06DA8C28}"
EndProject
Project("{2150E333-8FDC-42A3-9474-1A3956D46DE8}") = "Infra.Bus", "Infra.Bus", "{13F74B80-7D6F-47BD-B84F-0B47CED7AE37}"
EndProject
Project("{2150E333-8FDC-42A3-9474-1A3956D46DE8}") = "Infra.IoC", "Infra.IoC", "{8079DC92-3F13-4793-8D85-B24DD31C4112}"
EndProject
Project("{2150E333-8FDC-42A3-9474-1A3956D46DE8}") = "Presentation", "Presentation", "{E6264640-9579-4B05-BCE0-A0B1FDEA1BB0}"
EndProject
Project("{FAE04EC0-301F-11D3-BF4B-00C04F79EFBC}") = "MicroRabbit.Domain.Core", "MicroRabbit.Domain.Core\MicroRabbit.Domain.Core.csproj", "{23576946-5985-4171-856C-59326730CA3A}"
EndProject
Project("{FAE04EC0-301F-11D3-BF4B-00C04F79EFBC}") = "MicroRabbit.Infra.Bus", "MicroRabbit.Infra.Bus\MicroRabbit.Infra.Bus.csproj", "{384BEB41-9200-4138-9FBE-ECE34F022DB0}"
EndProject
Project("{FAE04EC0-301F-11D3-BF4B-00C04F79EFBC}") = "MicroRabbit.Infra.Ioc", "MicroRabbit.Infra.Ioc\MicroRabbit.Infra.Ioc.csproj", "{72DB1AD5-00FC-487B-8A6D-F4B447AB640E}"
EndProject
Project("{2150E333-8FDC-42A3-9474-1A3956D46DE8}") = "Banking", "Banking", "{547E1871-BA37-4F96-9E97-9679BD98F526}"
EndProject
Project("{2150E333-8FDC-42A3-9474-1A3956D46DE8}") = "Api", "Api", "{A984B44E-6A25-4C47-B251-9B05FB7BAF2C}"
EndProject
Project("{2150E333-8FDC-42A3-9474-1A3956D46DE8}") = "Data", "Data", "{62568037-C739-4780-A316-28D00CD6F8EA}"
EndProject
Project("{2150E333-8FDC-42A3-9474-1A3956D46DE8}") = "Domain", "Domain", "{A40590AA-C579-4686-BE9F-2395B79E1BA0}"
EndProject
Project("{2150E333-8FDC-42A3-9474-1A3956D46DE8}") = "Application", "Application", "{1582E3EF-3FF8-4D4D-BC25-ADFF2EF4F0E6}"
EndProject
Project("{FAE04EC0-301F-11D3-BF4B-00C04F79EFBC}") = "MicroRabbit.Banking.Api", "MicroRabbit.Banking.Api\MicroRabbit.Banking.Api.csproj", "{A9E1A9A0-977B-41B1-8D3A-392D830AE734}"
EndProject
Project("{FAE04EC0-301F-11D3-BF4B-00C04F79EFBC}") = "MicroRabbit.Banking.Application", "MicroRabbit.Banking.Application\MicroRabbit.Banking.Application.csproj", "{CC05AE7F-6524-403A-973F-42A6EBDAF161}"
EndProject
Project("{FAE04EC0-301F-11D3-BF4B-00C04F79EFBC}") = "MicroRabbit.Banking.Data", "MicroRabbit.Banking.Data\MicroRabbit.Banking.Data.csproj", "{A9AAEBBF-E5D0-4FA2-B044-18116E86E8E9}"
EndProject
Project("{FAE04EC0-301F-11D3-BF4B-00C04F79EFBC}") = "MicroRabbit.Banking.Domain", "MicroRabbit.Banking.Domain\MicroRabbit.Banking.Domain.csproj", "{40212197-9CD1-4659-A6DD-342CDC67A104}"
EndProject
Project("{2150E333-8FDC-42A3-9474-1A3956D46DE8}") = "Transfer", "Transfer", "{19192B83-40F4-45CC-AFDC-869A1DCE7810}"
EndProject
Project("{2150E333-8FDC-42A3-9474-1A3956D46DE8}") = "Api", "Api", "{B3B83851-B601-4BFA-9C13-2C431DAD02A0}"
EndProject
Project("{2150E333-8FDC-42A3-9474-1A3956D46DE8}") = "Application", "Application", "{95AADE36-F490-4C01-89A4-F57388E04F40}"
EndProject
Project("{2150E333-8FDC-42A3-9474-1A3956D46DE8}") = "Data", "Data", "{D966723B-F6D8-42FE-9A3B-4DC0CC8E48F5}"
EndProject
Project("{2150E333-8FDC-42A3-9474-1A3956D46DE8}") = "Domain", "Domain", "{14A4DFDB-A720-49D0-BB6D-8735BEBC0CD3}"
EndProject
Project("{FAE04EC0-301F-11D3-BF4B-00C04F79EFBC}") = "MicroRabbit.Transfer.Api", "MicroRabbit.Transfer.Api\MicroRabbit.Transfer.Api.csproj", "{E44C5587-6342-47C4-B39E-BA5C152BFCF7}"
EndProject
Project("{FAE04EC0-301F-11D3-BF4B-00C04F79EFBC}") = "MicroRabbit.Transfer.Application", "MicroRabbit.Transfer.Application\MicroRabbit.Transfer.Application.csproj", "{1D5A88CD-461E-4636-82B8-30A9AB2A4D87}"
EndProject
Project("{FAE04EC0-301F-11D3-BF4B-00C04F79EFBC}") = "MicroRabbit.Transfer.Domain", "MicroRabbit.Transfer.Domain\MicroRabbit.Transfer.Domain.csproj", "{C3C091BA-9DFF-46C9-AF33-190D22F50C74}"
EndProject
Project("{FAE04EC0-301F-11D3-BF4B-00C04F79EFBC}") = "MicroRabbit.Transfer.Data", "MicroRabbit.Transfer.Data\MicroRabbit.Transfer.Data.csproj", "{C7464835-2FD9-4AC5-8A51-067FC6DB5EDD}"
EndProject
Global
	GlobalSection(SolutionConfigurationPlatforms) = preSolution
		Debug|Any CPU = Debug|Any CPU
		Release|Any CPU = Release|Any CPU
	EndGlobalSection
	GlobalSection(ProjectConfigurationPlatforms) = postSolution
		{23576946-5985-4171-856C-59326730CA3A}.Debug|Any CPU.ActiveCfg = Debug|Any CPU
		{23576946-5985-4171-856C-59326730CA3A}.Debug|Any CPU.Build.0 = Debug|Any CPU
		{23576946-5985-4171-856C-59326730CA3A}.Release|Any CPU.ActiveCfg = Release|Any CPU
		{23576946-5985-4171-856C-59326730CA3A}.Release|Any CPU.Build.0 = Release|Any CPU
		{384BEB41-9200-4138-9FBE-ECE34F022DB0}.Debug|Any CPU.ActiveCfg = Debug|Any CPU
		{384BEB41-9200-4138-9FBE-ECE34F022DB0}.Debug|Any CPU.Build.0 = Debug|Any CPU
		{384BEB41-9200-4138-9FBE-ECE34F022DB0}.Release|Any CPU.ActiveCfg = Release|Any CPU
		{384BEB41-9200-4138-9FBE-ECE34F022DB0}.Release|Any CPU.Build.0 = Release|Any CPU
		{72DB1AD5-00FC-487B-8A6D-F4B447AB640E}.Debug|Any CPU.ActiveCfg = Debug|Any CPU
		{72DB1AD5-00FC-487B-8A6D-F4B447AB640E}.Debug|Any CPU.Build.0 = Debug|Any CPU
		{72DB1AD5-00FC-487B-8A6D-F4B447AB640E}.Release|Any CPU.ActiveCfg = Release|Any CPU
		{72DB1AD5-00FC-487B-8A6D-F4B447AB640E}.Release|Any CPU.Build.0 = Release|Any CPU
		{A9E1A9A0-977B-41B1-8D3A-392D830AE734}.Debug|Any CPU.ActiveCfg = Debug|Any CPU
		{A9E1A9A0-977B-41B1-8D3A-392D830AE734}.Debug|Any CPU.Build.0 = Debug|Any CPU
		{A9E1A9A0-977B-41B1-8D3A-392D830AE734}.Release|Any CPU.ActiveCfg = Release|Any CPU
		{A9E1A9A0-977B-41B1-8D3A-392D830AE734}.Release|Any CPU.Build.0 = Release|Any CPU
		{CC05AE7F-6524-403A-973F-42A6EBDAF161}.Debug|Any CPU.ActiveCfg = Debug|Any CPU
		{CC05AE7F-6524-403A-973F-42A6EBDAF161}.Debug|Any CPU.Build.0 = Debug|Any CPU
		{CC05AE7F-6524-403A-973F-42A6EBDAF161}.Release|Any CPU.ActiveCfg = Release|Any CPU
		{CC05AE7F-6524-403A-973F-42A6EBDAF161}.Release|Any CPU.Build.0 = Release|Any CPU
		{A9AAEBBF-E5D0-4FA2-B044-18116E86E8E9}.Debug|Any CPU.ActiveCfg = Debug|Any CPU
		{A9AAEBBF-E5D0-4FA2-B044-18116E86E8E9}.Debug|Any CPU.Build.0 = Debug|Any CPU
		{A9AAEBBF-E5D0-4FA2-B044-18116E86E8E9}.Release|Any CPU.ActiveCfg = Release|Any CPU
		{A9AAEBBF-E5D0-4FA2-B044-18116E86E8E9}.Release|Any CPU.Build.0 = Release|Any CPU
		{40212197-9CD1-4659-A6DD-342CDC67A104}.Debug|Any CPU.ActiveCfg = Debug|Any CPU
		{40212197-9CD1-4659-A6DD-342CDC67A104}.Debug|Any CPU.Build.0 = Debug|Any CPU
		{40212197-9CD1-4659-A6DD-342CDC67A104}.Release|Any CPU.ActiveCfg = Release|Any CPU
		{40212197-9CD1-4659-A6DD-342CDC67A104}.Release|Any CPU.Build.0 = Release|Any CPU
		{E44C5587-6342-47C4-B39E-BA5C152BFCF7}.Debug|Any CPU.ActiveCfg = Debug|Any CPU
		{E44C5587-6342-47C4-B39E-BA5C152BFCF7}.Debug|Any CPU.Build.0 = Debug|Any CPU
		{E44C5587-6342-47C4-B39E-BA5C152BFCF7}.Release|Any CPU.ActiveCfg = Release|Any CPU
		{E44C5587-6342-47C4-B39E-BA5C152BFCF7}.Release|Any CPU.Build.0 = Release|Any CPU
		{1D5A88CD-461E-4636-82B8-30A9AB2A4D87}.Debug|Any CPU.ActiveCfg = Debug|Any CPU
		{1D5A88CD-461E-4636-82B8-30A9AB2A4D87}.Debug|Any CPU.Build.0 = Debug|Any CPU
		{1D5A88CD-461E-4636-82B8-30A9AB2A4D87}.Release|Any CPU.ActiveCfg = Release|Any CPU
		{1D5A88CD-461E-4636-82B8-30A9AB2A4D87}.Release|Any CPU.Build.0 = Release|Any CPU
		{C3C091BA-9DFF-46C9-AF33-190D22F50C74}.Debug|Any CPU.ActiveCfg = Debug|Any CPU
		{C3C091BA-9DFF-46C9-AF33-190D22F50C74}.Debug|Any CPU.Build.0 = Debug|Any CPU
		{C3C091BA-9DFF-46C9-AF33-190D22F50C74}.Release|Any CPU.ActiveCfg = Release|Any CPU
		{C3C091BA-9DFF-46C9-AF33-190D22F50C74}.Release|Any CPU.Build.0 = Release|Any CPU
		{C7464835-2FD9-4AC5-8A51-067FC6DB5EDD}.Debug|Any CPU.ActiveCfg = Debug|Any CPU
		{C7464835-2FD9-4AC5-8A51-067FC6DB5EDD}.Debug|Any CPU.Build.0 = Debug|Any CPU
		{C7464835-2FD9-4AC5-8A51-067FC6DB5EDD}.Release|Any CPU.ActiveCfg = Release|Any CPU
		{C7464835-2FD9-4AC5-8A51-067FC6DB5EDD}.Release|Any CPU.Build.0 = Release|Any CPU
	EndGlobalSection
	GlobalSection(SolutionProperties) = preSolution
		HideSolutionNode = FALSE
	EndGlobalSection
	GlobalSection(NestedProjects) = preSolution
		{23576946-5985-4171-856C-59326730CA3A} = {A14F1BF0-34C9-449E-94BD-3DEB06DA8C28}
		{384BEB41-9200-4138-9FBE-ECE34F022DB0} = {13F74B80-7D6F-47BD-B84F-0B47CED7AE37}
		{72DB1AD5-00FC-487B-8A6D-F4B447AB640E} = {8079DC92-3F13-4793-8D85-B24DD31C4112}
		{547E1871-BA37-4F96-9E97-9679BD98F526} = {E63EF060-9F16-4CCD-857E-1A325E48AE6F}
		{A984B44E-6A25-4C47-B251-9B05FB7BAF2C} = {547E1871-BA37-4F96-9E97-9679BD98F526}
		{62568037-C739-4780-A316-28D00CD6F8EA} = {547E1871-BA37-4F96-9E97-9679BD98F526}
		{A40590AA-C579-4686-BE9F-2395B79E1BA0} = {547E1871-BA37-4F96-9E97-9679BD98F526}
		{1582E3EF-3FF8-4D4D-BC25-ADFF2EF4F0E6} = {547E1871-BA37-4F96-9E97-9679BD98F526}
		{A9E1A9A0-977B-41B1-8D3A-392D830AE734} = {A984B44E-6A25-4C47-B251-9B05FB7BAF2C}
		{CC05AE7F-6524-403A-973F-42A6EBDAF161} = {1582E3EF-3FF8-4D4D-BC25-ADFF2EF4F0E6}
		{A9AAEBBF-E5D0-4FA2-B044-18116E86E8E9} = {62568037-C739-4780-A316-28D00CD6F8EA}
		{40212197-9CD1-4659-A6DD-342CDC67A104} = {A40590AA-C579-4686-BE9F-2395B79E1BA0}
		{19192B83-40F4-45CC-AFDC-869A1DCE7810} = {E63EF060-9F16-4CCD-857E-1A325E48AE6F}
		{B3B83851-B601-4BFA-9C13-2C431DAD02A0} = {19192B83-40F4-45CC-AFDC-869A1DCE7810}
		{95AADE36-F490-4C01-89A4-F57388E04F40} = {19192B83-40F4-45CC-AFDC-869A1DCE7810}
		{D966723B-F6D8-42FE-9A3B-4DC0CC8E48F5} = {19192B83-40F4-45CC-AFDC-869A1DCE7810}
		{14A4DFDB-A720-49D0-BB6D-8735BEBC0CD3} = {19192B83-40F4-45CC-AFDC-869A1DCE7810}
		{E44C5587-6342-47C4-B39E-BA5C152BFCF7} = {B3B83851-B601-4BFA-9C13-2C431DAD02A0}
		{1D5A88CD-461E-4636-82B8-30A9AB2A4D87} = {95AADE36-F490-4C01-89A4-F57388E04F40}
		{C3C091BA-9DFF-46C9-AF33-190D22F50C74} = {14A4DFDB-A720-49D0-BB6D-8735BEBC0CD3}
		{C7464835-2FD9-4AC5-8A51-067FC6DB5EDD} = {D966723B-F6D8-42FE-9A3B-4DC0CC8E48F5}
	EndGlobalSection
	GlobalSection(ExtensibilityGlobals) = postSolution
		SolutionGuid = {BEDC603F-C594-4AD5-B2C3-70FB6904383B}
	EndGlobalSection
EndGlobal
